
Microsoft Visual Studio Solution File, Format Version 12.00
# Visual Studio Version 17
VisualStudioVersion = 17.1.32228.430
MinimumVisualStudioVersion = 10.0.40219.1
Project("{FAE04EC0-301F-11D3-BF4B-00C04F79EFBC}") = "CabInvoiceGenerator", "CabInvoiceGenerator.csproj", "{7B0C1642-C482-4D33-8CB6-09001C829A01}"
EndProject
Project("{FAE04EC0-301F-11D3-BF4B-00C04F79EFBC}") = "TestProject2", "..\TestProject2\TestProject2.csproj", "{82778F4F-840D-41D0-B30A-D26A4A497F3B}"
EndProject
Global
	GlobalSection(SolutionConfigurationPlatforms) = preSolution
		Debug|Any CPU = Debug|Any CPU
		Release|Any CPU = Release|Any CPU
	EndGlobalSection
	GlobalSection(ProjectConfigurationPlatforms) = postSolution
		{7B0C1642-C482-4D33-8CB6-09001C829A01}.Debug|Any CPU.ActiveCfg = Debug|Any CPU
		{7B0C1642-C482-4D33-8CB6-09001C829A01}.Debug|Any CPU.Build.0 = Debug|Any CPU
		{7B0C1642-C482-4D33-8CB6-09001C829A01}.Release|Any CPU.ActiveCfg = Release|Any CPU
		{7B0C1642-C482-4D33-8CB6-09001C829A01}.Release|Any CPU.Build.0 = Release|Any CPU
		{82778F4F-840D-41D0-B30A-D26A4A497F3B}.Debug|Any CPU.ActiveCfg = Debug|Any CPU
		{82778F4F-840D-41D0-B30A-D26A4A497F3B}.Debug|Any CPU.Build.0 = Debug|Any CPU
		{82778F4F-840D-41D0-B30A-D26A4A497F3B}.Release|Any CPU.ActiveCfg = Release|Any CPU
		{82778F4F-840D-41D0-B30A-D26A4A497F3B}.Release|Any CPU.Build.0 = Release|Any CPU
	EndGlobalSection
	GlobalSection(SolutionProperties) = preSolution
		HideSolutionNode = FALSE
	EndGlobalSection
	GlobalSection(ExtensibilityGlobals) = postSolution
		SolutionGuid = {181BCF59-61E8-4273-8AAB-9FA9130D944B}
	EndGlobalSection
EndGlobal
